
Microsoft Visual Studio Solution File, Format Version 12.00
# Visual Studio 15
VisualStudioVersion = 15.0.28010.2050
MinimumVisualStudioVersion = 10.0.40219.1
Project("{FAE04EC0-301F-11D3-BF4B-00C04F79EFBC}") = "LifeGame", "DP\LifeGame.csproj", "{5684028B-F3A0-41EF-B10E-F807F7BDED68}"
EndProject
Global
	GlobalSection(SolutionConfigurationPlatforms) = preSolution
		Debug|Any CPU = Debug|Any CPU
		Release|Any CPU = Release|Any CPU
	EndGlobalSection
	GlobalSection(ProjectConfigurationPlatforms) = postSolution
		{5684028B-F3A0-41EF-B10E-F807F7BDED68}.Debug|Any CPU.ActiveCfg = Debug|Any CPU
		{5684028B-F3A0-41EF-B10E-F807F7BDED68}.Debug|Any CPU.Build.0 = Debug|Any CPU
		{5684028B-F3A0-41EF-B10E-F807F7BDED68}.Release|Any CPU.ActiveCfg = Release|Any CPU
		{5684028B-F3A0-41EF-B10E-F807F7BDED68}.Release|Any CPU.Build.0 = Release|Any CPU
	EndGlobalSection
	GlobalSection(SolutionProperties) = preSolution
		HideSolutionNode = FALSE
	EndGlobalSection
	GlobalSection(ExtensibilityGlobals) = postSolution
		SolutionGuid = {EC060AEB-A894-41DF-8297-70E1ACA46405}
	EndGlobalSection
EndGlobal
